
Microsoft Visual Studio Solution File, Format Version 12.00
# Visual Studio 2013
VisualStudioVersion = 12.0.31101.0
MinimumVisualStudioVersion = 10.0.40219.1
Project("{FAE04EC0-301F-11D3-BF4B-00C04F79EFBC}") = "rere-fencer", "rere-fencer\rere-fencer.csproj", "{695E268A-41E6-456C-AC97-A2A3582089A6}"
EndProject
Project("{2150E333-8FDC-42A3-9474-1A3956D46DE8}") = "Infrastructure", "Infrastructure", "{603213DB-337B-44F6-8C27-A1EB81BFFCFB}"
EndProject
Project("{FAE04EC0-301F-11D3-BF4B-00C04F79EFBC}") = "AppUtils", "..\..\AppUtils\AppUtils\AppUtils.csproj", "{477391B0-1DEB-4981-969F-AF382AC30BB4}"
EndProject
Project("{FAE04EC0-301F-11D3-BF4B-00C04F79EFBC}") = "BioinformaticUtils", "..\..\AppUtils\BioinformaticUtils\BioinformaticUtils.csproj", "{98096870-A22F-465C-B69F-10AE2C796689}"
EndProject
Global
	GlobalSection(SolutionConfigurationPlatforms) = preSolution
		Debug|Any CPU = Debug|Any CPU
		Debug|Mixed Platforms = Debug|Mixed Platforms
		Debug|x64 = Debug|x64
		Release|Any CPU = Release|Any CPU
		Release|Mixed Platforms = Release|Mixed Platforms
		Release|x64 = Release|x64
	EndGlobalSection
	GlobalSection(ProjectConfigurationPlatforms) = postSolution
		{695E268A-41E6-456C-AC97-A2A3582089A6}.Debug|Any CPU.ActiveCfg = Release|x64
		{695E268A-41E6-456C-AC97-A2A3582089A6}.Debug|Any CPU.Build.0 = Release|x64
		{695E268A-41E6-456C-AC97-A2A3582089A6}.Debug|Mixed Platforms.ActiveCfg = Debug|Any CPU
		{695E268A-41E6-456C-AC97-A2A3582089A6}.Debug|Mixed Platforms.Build.0 = Debug|Any CPU
		{695E268A-41E6-456C-AC97-A2A3582089A6}.Debug|x64.ActiveCfg = Debug|x64
		{695E268A-41E6-456C-AC97-A2A3582089A6}.Debug|x64.Build.0 = Debug|x64
		{695E268A-41E6-456C-AC97-A2A3582089A6}.Release|Any CPU.ActiveCfg = Release|Any CPU
		{695E268A-41E6-456C-AC97-A2A3582089A6}.Release|Any CPU.Build.0 = Release|Any CPU
		{695E268A-41E6-456C-AC97-A2A3582089A6}.Release|Mixed Platforms.ActiveCfg = Release|Any CPU
		{695E268A-41E6-456C-AC97-A2A3582089A6}.Release|Mixed Platforms.Build.0 = Release|Any CPU
		{695E268A-41E6-456C-AC97-A2A3582089A6}.Release|x64.ActiveCfg = Release|x64
		{695E268A-41E6-456C-AC97-A2A3582089A6}.Release|x64.Build.0 = Release|x64
		{477391B0-1DEB-4981-969F-AF382AC30BB4}.Debug|Any CPU.ActiveCfg = Debug|x64
		{477391B0-1DEB-4981-969F-AF382AC30BB4}.Debug|Mixed Platforms.ActiveCfg = Debug|x64
		{477391B0-1DEB-4981-969F-AF382AC30BB4}.Debug|Mixed Platforms.Build.0 = Debug|x64
		{477391B0-1DEB-4981-969F-AF382AC30BB4}.Debug|x64.ActiveCfg = Debug|x64
		{477391B0-1DEB-4981-969F-AF382AC30BB4}.Debug|x64.Build.0 = Debug|x64
		{477391B0-1DEB-4981-969F-AF382AC30BB4}.Release|Any CPU.ActiveCfg = Release|x64
		{477391B0-1DEB-4981-969F-AF382AC30BB4}.Release|Mixed Platforms.ActiveCfg = Release|x64
		{477391B0-1DEB-4981-969F-AF382AC30BB4}.Release|Mixed Platforms.Build.0 = Release|x64
		{477391B0-1DEB-4981-969F-AF382AC30BB4}.Release|x64.ActiveCfg = Release|x64
		{477391B0-1DEB-4981-969F-AF382AC30BB4}.Release|x64.Build.0 = Release|x64
		{98096870-A22F-465C-B69F-10AE2C796689}.Debug|Any CPU.ActiveCfg = Debug|x64
		{98096870-A22F-465C-B69F-10AE2C796689}.Debug|Mixed Platforms.ActiveCfg = Debug|x64
		{98096870-A22F-465C-B69F-10AE2C796689}.Debug|Mixed Platforms.Build.0 = Debug|x64
		{98096870-A22F-465C-B69F-10AE2C796689}.Debug|x64.ActiveCfg = Debug|x64
		{98096870-A22F-465C-B69F-10AE2C796689}.Debug|x64.Build.0 = Debug|x64
		{98096870-A22F-465C-B69F-10AE2C796689}.Release|Any CPU.ActiveCfg = Release|x64
		{98096870-A22F-465C-B69F-10AE2C796689}.Release|Mixed Platforms.ActiveCfg = Release|x64
		{98096870-A22F-465C-B69F-10AE2C796689}.Release|Mixed Platforms.Build.0 = Release|x64
		{98096870-A22F-465C-B69F-10AE2C796689}.Release|x64.ActiveCfg = Release|x64
		{98096870-A22F-465C-B69F-10AE2C796689}.Release|x64.Build.0 = Release|x64
	EndGlobalSection
	GlobalSection(SolutionProperties) = preSolution
		HideSolutionNode = FALSE
	EndGlobalSection
	GlobalSection(NestedProjects) = preSolution
		{477391B0-1DEB-4981-969F-AF382AC30BB4} = {603213DB-337B-44F6-8C27-A1EB81BFFCFB}
		{98096870-A22F-465C-B69F-10AE2C796689} = {603213DB-337B-44F6-8C27-A1EB81BFFCFB}
	EndGlobalSection
EndGlobal
